
Microsoft Visual Studio Solution File, Format Version 12.00
# Visual Studio Version 16
VisualStudioVersion = 25.0.1706.7
MinimumVisualStudioVersion = 10.0.40219.1
Project("{FAE04EC0-301F-11D3-BF4B-00C04F79EFBC}") = "RandomNumber", "RandomNumber\RandomNumber.csproj", "{8DBA862A-ACAB-401E-BCDA-795EF3D340E5}"
EndProject
Global
	GlobalSection(SolutionConfigurationPlatforms) = preSolution
		Debug|Any CPU = Debug|Any CPU
		Release|Any CPU = Release|Any CPU
	EndGlobalSection
	GlobalSection(ProjectConfigurationPlatforms) = postSolution
		{8DBA862A-ACAB-401E-BCDA-795EF3D340E5}.Debug|Any CPU.ActiveCfg = Debug|Any CPU
		{8DBA862A-ACAB-401E-BCDA-795EF3D340E5}.Debug|Any CPU.Build.0 = Debug|Any CPU
		{8DBA862A-ACAB-401E-BCDA-795EF3D340E5}.Release|Any CPU.ActiveCfg = Release|Any CPU
		{8DBA862A-ACAB-401E-BCDA-795EF3D340E5}.Release|Any CPU.Build.0 = Release|Any CPU
	EndGlobalSection
	GlobalSection(SolutionProperties) = preSolution
		HideSolutionNode = FALSE
	EndGlobalSection
	GlobalSection(ExtensibilityGlobals) = postSolution
		SolutionGuid = {753507D0-9B9C-4D2F-99EF-39D96A66E66B}
	EndGlobalSection
EndGlobal
